<?xml version="1.0" encoding="utf-8"?>
<Project ToolsVersion="4.0" xmlns="http://schemas.microsoft.com/developer/msbuild/2003">
  <ItemGroup>
    <Filter Include="Source Files">
      <UniqueIdentifier>{4FC737F1-C7A5-4376-A066-2A32D752A2FF}</UniqueIdentifier>
      <Extensions>cpp;c;cc;cxx;def;odl;idl;hpj;bat;asm;asmx</Extensions>
    </Filter>
    <Filter Include="Header Files">
      <UniqueIdentifier>{93995380-89BD-4b04-88EB-625FBE52EBFB}</UniqueIdentifier>
      <Extensions>h;hpp;hxx;hm;inl;inc;xsd</Extensions>
    </Filter>
    <Filter Include="Resource Files">
      <UniqueIdentifier>{67DA6AB6-F800-4c08-8B7A-83BB121AAD01}</UniqueIdentifier>
      <Extensions>rc;ico;cur;bmp;dlg;rc2;rct;bin;rgs;gif;jpg;jpeg;jpe;resx;tiff;tif;png;wav</Extensions>
    </Filter>
  </ItemGroup>
  <ItemGroup>
    <ClCompile Include="ADSR.cpp">
      <Filter>Source Files</Filter>
    </ClCompile>
    <ClCompile Include="ChildFrm.cpp">
      <Filter>Source Files</Filter>
    </ClCompile>
    <ClCompile Include="DrvGen.cpp">
      <Filter>Source Files</Filter>
    </ClCompile>
    <ClCompile Include="DSignalsImport.cpp">
      <Filter>Source Files</Filter>
    </ClCompile>
    <ClCompile Include="ExcDig.cpp">
      <Filter>Source Files</Filter>
    </ClCompile>
    <ClCompile Include="MainFrm.cpp">
      <Filter>Source Files</Filter>
    </ClCompile>
    <ClCompile Include="mainfrmDAQ.cpp">
      <Filter>Source Files</Filter>
    </ClCompile>
    <ClCompile Include="RealFrame.cpp">
      <Filter>Source Files</Filter>
    </ClCompile>
    <ClCompile Include="RealVDlg.cpp">
      <Filter>Source Files</Filter>
    </ClCompile>
    <ClCompile Include="RealVDoc.cpp">
      <Filter>Source Files</Filter>
    </ClCompile>
    <ClCompile Include="RealView.cpp">
      <Filter>Source Files</Filter>
    </ClCompile>
    <ClCompile Include="RespDig.cpp">
      <Filter>Source Files</Filter>
    </ClCompile>
    <ClCompile Include="ResultDoc.cpp">
      <Filter>Source Files</Filter>
    </ClCompile>
    <ClCompile Include="ResultVDig.cpp">
      <Filter>Source Files</Filter>
    </ClCompile>
    <ClCompile Include="ResultView.cpp">
      <Filter>Source Files</Filter>
    </ClCompile>
    <ClCompile Include="StartDAQ.cpp">
      <Filter>Source Files</Filter>
    </ClCompile>
    <ClCompile Include="stdafx.cpp">
      <Filter>Source Files</Filter>
    </ClCompile>
    <ClCompile Include="SYSSetDig.cpp">
      <Filter>Source Files</Filter>
    </ClCompile>
    <ClCompile Include="WhiteDig.cpp">
      <Filter>Source Files</Filter>
    </ClCompile>
  </ItemGroup>
  <ItemGroup>
    <ClInclude Include="ADSR.h">
      <Filter>Header Files</Filter>
    </ClInclude>
    <ClInclude Include="ChildFrm.h">
      <Filter>Header Files</Filter>
    </ClInclude>
    <ClInclude Include="DrvGen.h">
      <Filter>Header Files</Filter>
    </ClInclude>
    <ClInclude Include="DSignalsImport.h">
      <Filter>Header Files</Filter>
    </ClInclude>
    <ClInclude Include="ExcDig.h">
      <Filter>Header Files</Filter>
    </ClInclude>
    <ClInclude Include="MainFrm.h">
      <Filter>Header Files</Filter>
    </ClInclude>
    <ClInclude Include="NiIncludes.h">
      <Filter>Header Files</Filter>
    </ClInclude>
    <ClInclude Include="RealFrame.h">
      <Filter>Header Files</Filter>
    </ClInclude>
    <ClInclude Include="RealVDlg.h">
      <Filter>Header Files</Filter>
    </ClInclude>
    <ClInclude Include="RealVDoc.h">
      <Filter>Header Files</Filter>
    </ClInclude>
    <ClInclude Include="RealView.h">
      <Filter>Header Files</Filter>
    </ClInclude>
    <ClInclude Include="Resource.h">
      <Filter>Header Files</Filter>
    </ClInclude>
    <ClInclude Include="RespDig.h">
      <Filter>Header Files</Filter>
    </ClInclude>
    <ClInclude Include="ResultDoc.h">
      <Filter>Header Files</Filter>
    </ClInclude>
    <ClInclude Include="ResultVDig.h">
      <Filter>Header Files</Filter>
    </ClInclude>
    <ClInclude Include="ResultView.h">
      <Filter>Header Files</Filter>
    </ClInclude>
    <ClInclude Include="StartDAQ.h">
      <Filter>Header Files</Filter>
    </ClInclude>
    <ClInclude Include="stdafx.h">
      <Filter>Header Files</Filter>
    </ClInclude>
    <ClInclude Include="SYSSetDig.h">
      <Filter>Header Files</Filter>
    </ClInclude>
    <ClInclude Include="targetver.h">
      <Filter>Header Files</Filter>
    </ClInclude>
    <ClInclude Include="WhiteDig.h">
      <Filter>Header Files</Filter>
    </ClInclude>
  </ItemGroup>
  <ItemGroup>
    <None Include="res\ADSR.ico">
      <Filter>Resource Files</Filter>
    </None>
    <None Include="res\ADSR.rc2">
      <Filter>Resource Files</Filter>
    </None>
    <None Include="res\ADSRDoc.ico">
      <Filter>Resource Files</Filter>
    </None>
    <None Include="res\ModelView.ico">
      <Filter>Resource Files</Filter>
    </None>
    <None Include="res\TimeView.ico">
      <Filter>Resource Files</Filter>
    </None>
    <None Include="res\Toolbar.bmp">
      <Filter>Resource Files</Filter>
    </None>
    <None Include="res\Toolbar256.bmp">
      <Filter>Resource Files</Filter>
    </None>
    <None Include="..\..\..\test\ththt\ththt\res\Toolbar256.bmp">
      <Filter>Resource Files</Filter>
    </None>
    <None Include="UserImages.bmp">
      <Filter>Resource Files</Filter>
    </None>
    <None Include="ADSR.reg" />
    <None Include="ReadMe.txt" />
  </ItemGroup>
  <ItemGroup>
    <ResourceCompile Include="ADSR.rc">
      <Filter>Resource Files</Filter>
    </ResourceCompile>
  </ItemGroup>
</Project>